
Microsoft Visual Studio Solution File, Format Version 12.00
# Visual Studio Version 16
VisualStudioVersion = 16.0.30907.101
MinimumVisualStudioVersion = 10.0.40219.1
Project("{FAE04EC0-301F-11D3-BF4B-00C04F79EFBC}") = "USBTestConsole", "USBTestConsole\USBTestConsole.csproj", "{A160B38C-8995-44C9-96E2-BF81CDFB4C6D}"
EndProject
Project("{2150E333-8FDC-42A3-9474-1A3956D46DE8}") = "Lib", "Lib", "{8A96E5C6-931B-4C6E-91CE-D8EDA890BC6A}"
EndProject
Project("{2150E333-8FDC-42A3-9474-1A3956D46DE8}") = "Client", "Client", "{22E2B7D4-8A33-4BD9-9649-B6DF6175206D}"
EndProject
Project("{2150E333-8FDC-42A3-9474-1A3956D46DE8}") = "Server", "Server", "{03D361AB-D0D7-4E65-AC0E-BEB8BDF58081}"
EndProject
Project("{2150E333-8FDC-42A3-9474-1A3956D46DE8}") = "Web", "Web", "{E293BBBD-4040-44B6-9F9B-13F82F68EA90}"
EndProject
Project("{2150E333-8FDC-42A3-9474-1A3956D46DE8}") = "Lib", "Lib", "{0477CC87-7CE1-4EFC-973B-7FFC3DEB017C}"
EndProject
Project("{2150E333-8FDC-42A3-9474-1A3956D46DE8}") = "App", "App", "{992C9190-700C-4953-8FB4-129800525CD4}"
EndProject
Project("{2150E333-8FDC-42A3-9474-1A3956D46DE8}") = "Common", "Common", "{4D3DBF97-CCDB-44CE-ACBC-876870D37A59}"
EndProject
Project("{FAE04EC0-301F-11D3-BF4B-00C04F79EFBC}") = "USBCommon", "Common\USBCommon.csproj", "{90FD865D-6202-4A76-B765-4D5414B4204D}"
EndProject
Project("{9A19103F-16F7-4668-BE54-9A1E7A4F7556}") = "USBAdminWebMVC", "USBNotifyWebMVC\USBAdminWebMVC.csproj", "{768EFA1C-ABB3-4915-870C-24B308EC64E0}"
EndProject
Project("{9A19103F-16F7-4668-BE54-9A1E7A4F7556}") = "USBModel", "USBModel\USBModel.csproj", "{D05FB9D4-A9C7-4843-BA75-1218416CC768}"
EndProject
Project("{FAE04EC0-301F-11D3-BF4B-00C04F79EFBC}") = "USBNotifyAgent", "USBNotifyAgent\USBNotifyAgent.csproj", "{09F80C0B-BD6B-4F99-97AE-A02AED1E61CE}"
EndProject
Project("{FAE04EC0-301F-11D3-BF4B-00C04F79EFBC}") = "USBNotifyAgentTray", "USBNotifyAgentDesktop\USBNotifyAgentTray.csproj", "{BA0A3D1F-B3B3-4665-964F-B1C7B129D2F0}"
EndProject
Project("{FAE04EC0-301F-11D3-BF4B-00C04F79EFBC}") = "USBNotifyService", "USBNotifyService\USBNotifyService.csproj", "{88A32AB6-DA9D-45B3-A812-A0A57B9DDE60}"
EndProject
Project("{FAE04EC0-301F-11D3-BF4B-00C04F79EFBC}") = "USBNotifyLib", "USBNotifyLib\USBNotifyLib.csproj", "{BBDB4699-103A-4CD5-92DB-6A9CF675161F}"
EndProject
Project("{9A19103F-16F7-4668-BE54-9A1E7A4F7556}") = "LoginUserManager", "LoginUserManager\LoginUserManager.csproj", "{C959399D-CCCD-4995-9B71-26C1124DC34C}"
EndProject
Project("{2150E333-8FDC-42A3-9474-1A3956D46DE8}") = "Setup", "Setup", "{164A995C-AF7A-4C24-9EEF-F64EEAC299E1}"
EndProject
Project("{FAE04EC0-301F-11D3-BF4B-00C04F79EFBC}") = "SetupClient", "SetupClient\SetupClient.csproj", "{AAB212AA-6818-4455-BD50-8AFAAA28850A}"
EndProject
Project("{2150E333-8FDC-42A3-9474-1A3956D46DE8}") = "APIConfigDoc", "APIConfigDoc", "{641964FC-D04C-41E7-A278-79D124F2D412}"
	ProjectSection(SolutionItems) = preProject
		ReadME.md = ReadME.md
	EndProjectSection
EndProject
Project("{2150E333-8FDC-42A3-9474-1A3956D46DE8}") = "Database", "Database", "{FB297808-6C29-4DB5-A880-6B605D7E7391}"
EndProject
Project("{9A19103F-16F7-4668-BE54-9A1E7A4F7556}") = "USBAdminDatabase", "USBAdminDatabase\USBAdminDatabase.csproj", "{CE9E0C83-916F-4061-942A-6B3BDC0DA4B7}"
EndProject
Global
	GlobalSection(SolutionConfigurationPlatforms) = preSolution
		Debug|Any CPU = Debug|Any CPU
		Release|Any CPU = Release|Any CPU
	EndGlobalSection
	GlobalSection(ProjectConfigurationPlatforms) = postSolution
		{A160B38C-8995-44C9-96E2-BF81CDFB4C6D}.Debug|Any CPU.ActiveCfg = Debug|Any CPU
		{A160B38C-8995-44C9-96E2-BF81CDFB4C6D}.Debug|Any CPU.Build.0 = Debug|Any CPU
		{A160B38C-8995-44C9-96E2-BF81CDFB4C6D}.Release|Any CPU.ActiveCfg = Release|Any CPU
		{A160B38C-8995-44C9-96E2-BF81CDFB4C6D}.Release|Any CPU.Build.0 = Release|Any CPU
		{90FD865D-6202-4A76-B765-4D5414B4204D}.Debug|Any CPU.ActiveCfg = Debug|Any CPU
		{90FD865D-6202-4A76-B765-4D5414B4204D}.Debug|Any CPU.Build.0 = Debug|Any CPU
		{90FD865D-6202-4A76-B765-4D5414B4204D}.Release|Any CPU.ActiveCfg = Release|Any CPU
		{90FD865D-6202-4A76-B765-4D5414B4204D}.Release|Any CPU.Build.0 = Release|Any CPU
		{768EFA1C-ABB3-4915-870C-24B308EC64E0}.Debug|Any CPU.ActiveCfg = Debug|Any CPU
		{768EFA1C-ABB3-4915-870C-24B308EC64E0}.Debug|Any CPU.Build.0 = Debug|Any CPU
		{768EFA1C-ABB3-4915-870C-24B308EC64E0}.Release|Any CPU.ActiveCfg = Release|Any CPU
		{768EFA1C-ABB3-4915-870C-24B308EC64E0}.Release|Any CPU.Build.0 = Release|Any CPU
		{D05FB9D4-A9C7-4843-BA75-1218416CC768}.Debug|Any CPU.ActiveCfg = Debug|Any CPU
		{D05FB9D4-A9C7-4843-BA75-1218416CC768}.Debug|Any CPU.Build.0 = Debug|Any CPU
		{D05FB9D4-A9C7-4843-BA75-1218416CC768}.Release|Any CPU.ActiveCfg = Release|Any CPU
		{D05FB9D4-A9C7-4843-BA75-1218416CC768}.Release|Any CPU.Build.0 = Release|Any CPU
		{09F80C0B-BD6B-4F99-97AE-A02AED1E61CE}.Debug|Any CPU.ActiveCfg = Debug|Any CPU
		{09F80C0B-BD6B-4F99-97AE-A02AED1E61CE}.Debug|Any CPU.Build.0 = Debug|Any CPU
		{09F80C0B-BD6B-4F99-97AE-A02AED1E61CE}.Release|Any CPU.ActiveCfg = Release|Any CPU
		{09F80C0B-BD6B-4F99-97AE-A02AED1E61CE}.Release|Any CPU.Build.0 = Release|Any CPU
		{BA0A3D1F-B3B3-4665-964F-B1C7B129D2F0}.Debug|Any CPU.ActiveCfg = Debug|Any CPU
		{BA0A3D1F-B3B3-4665-964F-B1C7B129D2F0}.Debug|Any CPU.Build.0 = Debug|Any CPU
		{BA0A3D1F-B3B3-4665-964F-B1C7B129D2F0}.Release|Any CPU.ActiveCfg = Release|Any CPU
		{BA0A3D1F-B3B3-4665-964F-B1C7B129D2F0}.Release|Any CPU.Build.0 = Release|Any CPU
		{88A32AB6-DA9D-45B3-A812-A0A57B9DDE60}.Debug|Any CPU.ActiveCfg = Debug|Any CPU
		{88A32AB6-DA9D-45B3-A812-A0A57B9DDE60}.Debug|Any CPU.Build.0 = Debug|Any CPU
		{88A32AB6-DA9D-45B3-A812-A0A57B9DDE60}.Release|Any CPU.ActiveCfg = Release|Any CPU
		{88A32AB6-DA9D-45B3-A812-A0A57B9DDE60}.Release|Any CPU.Build.0 = Release|Any CPU
		{BBDB4699-103A-4CD5-92DB-6A9CF675161F}.Debug|Any CPU.ActiveCfg = Debug|Any CPU
		{BBDB4699-103A-4CD5-92DB-6A9CF675161F}.Debug|Any CPU.Build.0 = Debug|Any CPU
		{BBDB4699-103A-4CD5-92DB-6A9CF675161F}.Release|Any CPU.ActiveCfg = Release|Any CPU
		{BBDB4699-103A-4CD5-92DB-6A9CF675161F}.Release|Any CPU.Build.0 = Release|Any CPU
		{C959399D-CCCD-4995-9B71-26C1124DC34C}.Debug|Any CPU.ActiveCfg = Debug|Any CPU
		{C959399D-CCCD-4995-9B71-26C1124DC34C}.Debug|Any CPU.Build.0 = Debug|Any CPU
		{C959399D-CCCD-4995-9B71-26C1124DC34C}.Release|Any CPU.ActiveCfg = Release|Any CPU
		{C959399D-CCCD-4995-9B71-26C1124DC34C}.Release|Any CPU.Build.0 = Release|Any CPU
		{AAB212AA-6818-4455-BD50-8AFAAA28850A}.Debug|Any CPU.ActiveCfg = Debug|Any CPU
		{AAB212AA-6818-4455-BD50-8AFAAA28850A}.Debug|Any CPU.Build.0 = Debug|Any CPU
		{AAB212AA-6818-4455-BD50-8AFAAA28850A}.Release|Any CPU.ActiveCfg = Release|Any CPU
		{AAB212AA-6818-4455-BD50-8AFAAA28850A}.Release|Any CPU.Build.0 = Release|Any CPU
		{CE9E0C83-916F-4061-942A-6B3BDC0DA4B7}.Debug|Any CPU.ActiveCfg = Debug|Any CPU
		{CE9E0C83-916F-4061-942A-6B3BDC0DA4B7}.Debug|Any CPU.Build.0 = Debug|Any CPU
		{CE9E0C83-916F-4061-942A-6B3BDC0DA4B7}.Release|Any CPU.ActiveCfg = Release|Any CPU
		{CE9E0C83-916F-4061-942A-6B3BDC0DA4B7}.Release|Any CPU.Build.0 = Release|Any CPU
	EndGlobalSection
	GlobalSection(SolutionProperties) = preSolution
		HideSolutionNode = FALSE
	EndGlobalSection
	GlobalSection(NestedProjects) = preSolution
		{A160B38C-8995-44C9-96E2-BF81CDFB4C6D} = {992C9190-700C-4953-8FB4-129800525CD4}
		{8A96E5C6-931B-4C6E-91CE-D8EDA890BC6A} = {22E2B7D4-8A33-4BD9-9649-B6DF6175206D}
		{E293BBBD-4040-44B6-9F9B-13F82F68EA90} = {03D361AB-D0D7-4E65-AC0E-BEB8BDF58081}
		{0477CC87-7CE1-4EFC-973B-7FFC3DEB017C} = {03D361AB-D0D7-4E65-AC0E-BEB8BDF58081}
		{992C9190-700C-4953-8FB4-129800525CD4} = {22E2B7D4-8A33-4BD9-9649-B6DF6175206D}
		{90FD865D-6202-4A76-B765-4D5414B4204D} = {4D3DBF97-CCDB-44CE-ACBC-876870D37A59}
		{768EFA1C-ABB3-4915-870C-24B308EC64E0} = {E293BBBD-4040-44B6-9F9B-13F82F68EA90}
		{D05FB9D4-A9C7-4843-BA75-1218416CC768} = {0477CC87-7CE1-4EFC-973B-7FFC3DEB017C}
		{09F80C0B-BD6B-4F99-97AE-A02AED1E61CE} = {992C9190-700C-4953-8FB4-129800525CD4}
		{BA0A3D1F-B3B3-4665-964F-B1C7B129D2F0} = {992C9190-700C-4953-8FB4-129800525CD4}
		{88A32AB6-DA9D-45B3-A812-A0A57B9DDE60} = {992C9190-700C-4953-8FB4-129800525CD4}
		{BBDB4699-103A-4CD5-92DB-6A9CF675161F} = {8A96E5C6-931B-4C6E-91CE-D8EDA890BC6A}
		{C959399D-CCCD-4995-9B71-26C1124DC34C} = {0477CC87-7CE1-4EFC-973B-7FFC3DEB017C}
		{164A995C-AF7A-4C24-9EEF-F64EEAC299E1} = {22E2B7D4-8A33-4BD9-9649-B6DF6175206D}
		{AAB212AA-6818-4455-BD50-8AFAAA28850A} = {164A995C-AF7A-4C24-9EEF-F64EEAC299E1}
		{FB297808-6C29-4DB5-A880-6B605D7E7391} = {03D361AB-D0D7-4E65-AC0E-BEB8BDF58081}
		{CE9E0C83-916F-4061-942A-6B3BDC0DA4B7} = {FB297808-6C29-4DB5-A880-6B605D7E7391}
	EndGlobalSection
	GlobalSection(ExtensibilityGlobals) = postSolution
		SolutionGuid = {55F982B7-5BDB-4B26-BF12-27C4E1A6407F}
	EndGlobalSection
EndGlobal
