
Microsoft Visual Studio Solution File, Format Version 12.00
# Visual Studio Version 16
VisualStudioVersion = 16.0.30907.101
MinimumVisualStudioVersion = 10.0.40219.1
Project("{FAE04EC0-301F-11D3-BF4B-00C04F79EFBC}") = "USBTestConsole", "USBTestConsole\USBTestConsole.csproj", "{A160B38C-8995-44C9-96E2-BF81CDFB4C6D}"
EndProject
Project("{FAE04EC0-301F-11D3-BF4B-00C04F79EFBC}") = "USBNetLib", "USBNetLib\USBNetLib.csproj", "{7DA52D66-7494-4F53-8B81-90E3C8CD693B}"
EndProject
Project("{FAE04EC0-301F-11D3-BF4B-00C04F79EFBC}") = "NotifyUsbWinService", "NotifyUsbWinService\NotifyUsbWinService.csproj", "{07BE3525-DFAD-46A1-843B-611A47B04BDD}"
EndProject
Project("{FAE04EC0-301F-11D3-BF4B-00C04F79EFBC}") = "UsbMonitorLib", "UsbMonitorLib\UsbMonitorLib.csproj", "{A745C616-238E-41EF-8EF0-9F0BEB4F925D}"
EndProject
Project("{FAE04EC0-301F-11D3-BF4B-00C04F79EFBC}") = "NotifyUSBFormApp", "NotifyUSBFormApp\NotifyUSBFormApp.csproj", "{A18B2A24-1B37-4FF5-AA66-44D7016DCF08}"
EndProject
Global
	GlobalSection(SolutionConfigurationPlatforms) = preSolution
		Debug|Any CPU = Debug|Any CPU
		Release|Any CPU = Release|Any CPU
	EndGlobalSection
	GlobalSection(ProjectConfigurationPlatforms) = postSolution
		{A160B38C-8995-44C9-96E2-BF81CDFB4C6D}.Debug|Any CPU.ActiveCfg = Debug|Any CPU
		{A160B38C-8995-44C9-96E2-BF81CDFB4C6D}.Debug|Any CPU.Build.0 = Debug|Any CPU
		{A160B38C-8995-44C9-96E2-BF81CDFB4C6D}.Release|Any CPU.ActiveCfg = Release|Any CPU
		{A160B38C-8995-44C9-96E2-BF81CDFB4C6D}.Release|Any CPU.Build.0 = Release|Any CPU
		{7DA52D66-7494-4F53-8B81-90E3C8CD693B}.Debug|Any CPU.ActiveCfg = Debug|Any CPU
		{7DA52D66-7494-4F53-8B81-90E3C8CD693B}.Debug|Any CPU.Build.0 = Debug|Any CPU
		{7DA52D66-7494-4F53-8B81-90E3C8CD693B}.Release|Any CPU.ActiveCfg = Release|Any CPU
		{7DA52D66-7494-4F53-8B81-90E3C8CD693B}.Release|Any CPU.Build.0 = Release|Any CPU
		{07BE3525-DFAD-46A1-843B-611A47B04BDD}.Debug|Any CPU.ActiveCfg = Debug|Any CPU
		{07BE3525-DFAD-46A1-843B-611A47B04BDD}.Debug|Any CPU.Build.0 = Debug|Any CPU
		{07BE3525-DFAD-46A1-843B-611A47B04BDD}.Release|Any CPU.ActiveCfg = Release|Any CPU
		{07BE3525-DFAD-46A1-843B-611A47B04BDD}.Release|Any CPU.Build.0 = Release|Any CPU
		{A745C616-238E-41EF-8EF0-9F0BEB4F925D}.Debug|Any CPU.ActiveCfg = Debug|Any CPU
		{A745C616-238E-41EF-8EF0-9F0BEB4F925D}.Debug|Any CPU.Build.0 = Debug|Any CPU
		{A745C616-238E-41EF-8EF0-9F0BEB4F925D}.Release|Any CPU.ActiveCfg = Release|Any CPU
		{A745C616-238E-41EF-8EF0-9F0BEB4F925D}.Release|Any CPU.Build.0 = Release|Any CPU
		{A18B2A24-1B37-4FF5-AA66-44D7016DCF08}.Debug|Any CPU.ActiveCfg = Debug|Any CPU
		{A18B2A24-1B37-4FF5-AA66-44D7016DCF08}.Debug|Any CPU.Build.0 = Debug|Any CPU
		{A18B2A24-1B37-4FF5-AA66-44D7016DCF08}.Release|Any CPU.ActiveCfg = Release|Any CPU
		{A18B2A24-1B37-4FF5-AA66-44D7016DCF08}.Release|Any CPU.Build.0 = Release|Any CPU
	EndGlobalSection
	GlobalSection(SolutionProperties) = preSolution
		HideSolutionNode = FALSE
	EndGlobalSection
	GlobalSection(ExtensibilityGlobals) = postSolution
		SolutionGuid = {55F982B7-5BDB-4B26-BF12-27C4E1A6407F}
	EndGlobalSection
EndGlobal
